{
  "name": "node0",
  "version": "1.0.0",
  "lockfileVersion": 3,
  "requires": true,
  "packages": {
    "": {
      "name": "node0",
      "version": "1.0.0",
      "license": "ISC",
      "dependencies": {
        "dotenv": "^16.3.1",
        "dotenv-extended": "^2.9.0",
        "fastify": "^4.22.2",
        "postgres": "^3.3.5"
      }
    },
    "node_modules/@fastify/ajv-compiler": {
      "version": "3.5.0",
      "resolved": "https://azuredevops.fleetcor.com.br/Fleetcor/TPS/_packaging/appsemparar/npm/registry/@fastify/ajv-compiler/-/ajv-compiler-3.5.0.tgz",
      "integrity": "sha1-RZv/AP77+GyW7DDmLpM9I3nkZnA=",
      "license": "MIT",
      "dependencies": {
        "ajv": "^8.11.0",
        "ajv-formats": "^2.1.1",
        "fast-uri": "^2.0.0"
      }
    },
    "node_modules/@fastify/deepmerge": {
      "version": "1.3.0",
      "resolved": "https://azuredevops.fleetcor.com.br/Fleetcor/TPS/_packaging/appsemparar/npm/registry/@fastify/deepmerge/-/deepmerge-1.3.0.tgz",
      "integrity": "sha1-gRaFgQjwx9n9Rg0Fp9Y3oT/jI5o=",
      "license": "MIT"
    },
    "node_modules/@fastify/error": {
      "version": "3.3.0",
      "resolved": "https://azuredevops.fleetcor.com.br/Fleetcor/TPS/_packaging/appsemparar/npm/registry/@fastify/error/-/error-3.3.0.tgz",
      "integrity": "sha1-66eQCC4RRL/I3vDCyO81AGS8U3s=",
      "license": "MIT"
    },
    "node_modules/@fastify/fast-json-stringify-compiler": {
      "version": "4.3.0",
      "resolved": "https://azuredevops.fleetcor.com.br/Fleetcor/TPS/_packaging/appsemparar/npm/registry/@fastify/fast-json-stringify-compiler/-/fast-json-stringify-compiler-4.3.0.tgz",
      "integrity": "sha1-XfifpNFZLLuHgPeJmDVf60cWRtU=",
      "license": "MIT",
      "dependencies": {
        "fast-json-stringify": "^5.7.0"
      }
    },
    "node_modules/abort-controller": {
      "version": "3.0.0",
      "resolved": "https://azuredevops.fleetcor.com.br/Fleetcor/TPS/_packaging/appsemparar/npm/registry/abort-controller/-/abort-controller-3.0.0.tgz",
      "integrity": "sha1-6vVNU7YrrkE46AnKIlyEOabvs5I=",
      "license": "MIT",
      "dependencies": {
        "event-target-shim": "^5.0.0"
      },
      "engines": {
        "node": ">=6.5"
      }
    },
    "node_modules/abstract-logging": {
      "version": "2.0.1",
      "resolved": "https://azuredevops.fleetcor.com.br/Fleetcor/TPS/_packaging/appsemparar/npm/registry/abstract-logging/-/abstract-logging-2.0.1.tgz",
      "integrity": "sha1-aww3HfIS23EptX0uf88oK4vxyDk=",
      "license": "MIT"
    },
    "node_modules/ajv": {
      "version": "8.12.0",
      "resolved": "https://azuredevops.fleetcor.com.br/Fleetcor/TPS/_packaging/appsemparar/npm/registry/ajv/-/ajv-8.12.0.tgz",
      "integrity": "sha1-0aBScyPiL1NWLFZ8AJkVd9++GdE=",
      "license": "MIT",
      "dependencies": {
        "fast-deep-equal": "^3.1.1",
        "json-schema-traverse": "^1.0.0",
        "require-from-string": "^2.0.2",
        "uri-js": "^4.2.2"
      },
      "funding": {
        "type": "github",
        "url": "https://github.com/sponsors/epoberezkin"
      }
    },
    "node_modules/ajv-formats": {
      "version": "2.1.1",
      "resolved": "https://azuredevops.fleetcor.com.br/Fleetcor/TPS/_packaging/appsemparar/npm/registry/ajv-formats/-/ajv-formats-2.1.1.tgz",
      "integrity": "sha1-bmaUAGWet0lzu/LjMycYCgmWtSA=",
      "license": "MIT",
      "dependencies": {
        "ajv": "^8.0.0"
      },
      "peerDependencies": {
        "ajv": "^8.0.0"
      },
      "peerDependenciesMeta": {
        "ajv": {
          "optional": true
        }
      }
    },
    "node_modules/archy": {
      "version": "1.0.0",
      "resolved": "https://azuredevops.fleetcor.com.br/Fleetcor/TPS/_packaging/appsemparar/npm/registry/archy/-/archy-1.0.0.tgz",
      "integrity": "sha1-+cjBN1fMHde8N5rHeyxipcKGjEA=",
      "license": "MIT"
    },
    "node_modules/atomic-sleep": {
      "version": "1.0.0",
      "resolved": "https://azuredevops.fleetcor.com.br/Fleetcor/TPS/_packaging/appsemparar/npm/registry/atomic-sleep/-/atomic-sleep-1.0.0.tgz",
      "integrity": "sha1-64W3emAfyTLP5DLFrNNkqeLJB1s=",
      "license": "MIT",
      "engines": {
        "node": ">=8.0.0"
      }
    },
    "node_modules/auto-parse": {
      "version": "1.8.0",
      "resolved": "https://azuredevops.fleetcor.com.br/Fleetcor/TPS/_packaging/appsemparar/npm/registry/auto-parse/-/auto-parse-1.8.0.tgz",
      "integrity": "sha1-EWQFHIMtVXTo62oY06N6J4/mHnI=",
      "license": "MIT",
      "dependencies": {
        "typpy": "2.3.11"
      }
    },
    "node_modules/avvio": {
      "version": "8.2.1",
      "resolved": "https://azuredevops.fleetcor.com.br/Fleetcor/TPS/_packaging/appsemparar/npm/registry/avvio/-/avvio-8.2.1.tgz",
      "integrity": "sha1-taSCcphHq7hNWq3OBlEcBKCmL4I=",
      "license": "MIT",
      "dependencies": {
        "archy": "^1.0.0",
        "debug": "^4.0.0",
        "fastq": "^1.6.1"
      }
    },
    "node_modules/base64-js": {
      "version": "1.5.1",
      "resolved": "https://azuredevops.fleetcor.com.br/Fleetcor/TPS/_packaging/appsemparar/npm/registry/base64-js/-/base64-js-1.5.1.tgz",
      "integrity": "sha1-GxtEAWClv3rUC2UPCVljSBkDkwo=",
      "funding": [
        {
          "type": "github",
          "url": "https://github.com/sponsors/feross"
        },
        {
          "type": "patreon",
          "url": "https://www.patreon.com/feross"
        },
        {
          "type": "consulting",
          "url": "https://feross.org/support"
        }
      ],
      "license": "MIT"
    },
    "node_modules/buffer": {
      "version": "6.0.3",
      "resolved": "https://azuredevops.fleetcor.com.br/Fleetcor/TPS/_packaging/appsemparar/npm/registry/buffer/-/buffer-6.0.3.tgz",
      "integrity": "sha1-Ks5XhFnMj74qcKqo9S7mO2p0xsY=",
      "funding": [
        {
          "type": "github",
          "url": "https://github.com/sponsors/feross"
        },
        {
          "type": "patreon",
          "url": "https://www.patreon.com/feross"
        },
        {
          "type": "consulting",
          "url": "https://feross.org/support"
        }
      ],
      "license": "MIT",
      "dependencies": {
        "base64-js": "^1.3.1",
        "ieee754": "^1.2.1"
      }
    },
    "node_modules/camelcase": {
      "version": "5.3.1",
      "resolved": "https://azuredevops.fleetcor.com.br/Fleetcor/TPS/_packaging/appsemparar/npm/registry/camelcase/-/camelcase-5.3.1.tgz",
      "integrity": "sha1-48mzFWnhBoEd8kL3FXJaH0xJQyA=",
      "license": "MIT",
      "engines": {
        "node": ">=6"
      }
    },
    "node_modules/cookie": {
      "version": "0.5.0",
      "resolved": "https://azuredevops.fleetcor.com.br/Fleetcor/TPS/_packaging/appsemparar/npm/registry/cookie/-/cookie-0.5.0.tgz",
      "integrity": "sha1-0fXXGt7GVYxY84mYfDZqpH6ZT4s=",
      "license": "MIT",
      "engines": {
        "node": ">= 0.6"
      }
    },
    "node_modules/cross-spawn": {
      "version": "7.0.3",
      "resolved": "https://azuredevops.fleetcor.com.br/Fleetcor/TPS/_packaging/appsemparar/npm/registry/cross-spawn/-/cross-spawn-7.0.3.tgz",
      "integrity": "sha1-9zqFudXUHQRVUcF34ogtSshXKKY=",
      "license": "MIT",
      "dependencies": {
        "path-key": "^3.1.0",
        "shebang-command": "^2.0.0",
        "which": "^2.0.1"
      },
      "engines": {
        "node": ">= 8"
      }
    },
    "node_modules/debug": {
      "version": "4.3.4",
      "resolved": "https://azuredevops.fleetcor.com.br/Fleetcor/TPS/_packaging/appsemparar/npm/registry/debug/-/debug-4.3.4.tgz",
      "integrity": "sha1-Exn2V5NX8jONMzfSzdSRS7XcyGU=",
      "license": "MIT",
      "dependencies": {
        "ms": "2.1.2"
      },
      "engines": {
        "node": ">=6.0"
      },
      "peerDependenciesMeta": {
        "supports-color": {
          "optional": true
        }
      }
    },
    "node_modules/dotenv": {
      "version": "16.3.1",
      "resolved": "https://azuredevops.fleetcor.com.br/Fleetcor/TPS/_packaging/appsemparar/npm/registry/dotenv/-/dotenv-16.3.1.tgz",
      "integrity": "sha1-NpA03n1+WxIJcmkzUqO/ESFyzD4=",
      "license": "BSD-2-Clause",
      "engines": {
        "node": ">=12"
      },
      "funding": {
        "url": "https://github.com/motdotla/dotenv?sponsor=1"
      }
    },
    "node_modules/dotenv-extended": {
      "version": "2.9.0",
      "resolved": "https://azuredevops.fleetcor.com.br/Fleetcor/TPS/_packaging/appsemparar/npm/registry/dotenv-extended/-/dotenv-extended-2.9.0.tgz",
      "integrity": "sha1-HkSgGPkO6IwGYnPNhV4wlcfngeU=",
      "license": "MIT",
      "dependencies": {
        "auto-parse": "^1.3.0",
        "camelcase": "^5.3.1",
        "cross-spawn": "^7.0.1",
        "dotenv": "^8.2.0"
      },
      "bin": {
        "dotenv-extended": "lib/bin/index.js"
      },
      "engines": {
        "node": ">=6"
      }
    },
    "node_modules/dotenv-extended/node_modules/dotenv": {
      "version": "8.6.0",
      "resolved": "https://azuredevops.fleetcor.com.br/Fleetcor/TPS/_packaging/appsemparar/npm/registry/dotenv/-/dotenv-8.6.0.tgz",
      "integrity": "sha1-Bhr2ZNGff02PxuT/m1hM4jety4s=",
      "license": "BSD-2-Clause",
      "engines": {
        "node": ">=10"
      }
    },
    "node_modules/event-target-shim": {
      "version": "5.0.1",
      "resolved": "https://azuredevops.fleetcor.com.br/Fleetcor/TPS/_packaging/appsemparar/npm/registry/event-target-shim/-/event-target-shim-5.0.1.tgz",
      "integrity": "sha1-XU0+vflYPWOlMzzi3rdICrKwV4k=",
      "license": "MIT",
      "engines": {
        "node": ">=6"
      }
    },
    "node_modules/events": {
      "version": "3.3.0",
      "resolved": "https://azuredevops.fleetcor.com.br/Fleetcor/TPS/_packaging/appsemparar/npm/registry/events/-/events-3.3.0.tgz",
      "integrity": "sha1-Mala0Kkk4tLEGagTrrLE6HjqdAA=",
      "license": "MIT",
      "engines": {
        "node": ">=0.8.x"
      }
    },
    "node_modules/fast-content-type-parse": {
      "version": "1.0.0",
      "resolved": "https://azuredevops.fleetcor.com.br/Fleetcor/TPS/_packaging/appsemparar/npm/registry/fast-content-type-parse/-/fast-content-type-parse-1.0.0.tgz",
      "integrity": "sha1-zdzgDffX77NyfTdaWY5JBL/LdRw=",
      "license": "MIT"
    },
    "node_modules/fast-decode-uri-component": {
      "version": "1.0.1",
      "resolved": "https://azuredevops.fleetcor.com.br/Fleetcor/TPS/_packaging/appsemparar/npm/registry/fast-decode-uri-component/-/fast-decode-uri-component-1.0.1.tgz",
      "integrity": "sha1-Rvi2wisw/3qBNX1PWav66TggJUM=",
      "license": "MIT"
    },
    "node_modules/fast-deep-equal": {
      "version": "3.1.3",
      "resolved": "https://azuredevops.fleetcor.com.br/Fleetcor/TPS/_packaging/appsemparar/npm/registry/fast-deep-equal/-/fast-deep-equal-3.1.3.tgz",
      "integrity": "sha1-On1WtVnWy8PrUSMlJE5hmmXGxSU=",
      "license": "MIT"
    },
    "node_modules/fast-json-stringify": {
      "version": "5.8.0",
      "resolved": "https://azuredevops.fleetcor.com.br/Fleetcor/TPS/_packaging/appsemparar/npm/registry/fast-json-stringify/-/fast-json-stringify-5.8.0.tgz",
      "integrity": "sha1-sintAaxfkvO4IAGpFsMTJGUvRtc=",
      "license": "MIT",
      "dependencies": {
        "@fastify/deepmerge": "^1.0.0",
        "ajv": "^8.10.0",
        "ajv-formats": "^2.1.1",
        "fast-deep-equal": "^3.1.3",
        "fast-uri": "^2.1.0",
        "rfdc": "^1.2.0"
      }
    },
    "node_modules/fast-querystring": {
      "version": "1.1.2",
      "resolved": "https://azuredevops.fleetcor.com.br/Fleetcor/TPS/_packaging/appsemparar/npm/registry/fast-querystring/-/fast-querystring-1.1.2.tgz",
      "integrity": "sha1-ptJJN7T8b3kbTuMdy29Trq+4n1M=",
      "license": "MIT",
      "dependencies": {
        "fast-decode-uri-component": "^1.0.1"
      }
    },
    "node_modules/fast-redact": {
      "version": "3.3.0",
      "resolved": "https://azuredevops.fleetcor.com.br/Fleetcor/TPS/_packaging/appsemparar/npm/registry/fast-redact/-/fast-redact-3.3.0.tgz",
      "integrity": "sha1-fIPOOnvkiYJBpGVg1R3hD2U/djQ=",
      "license": "MIT",
      "engines": {
        "node": ">=6"
      }
    },
    "node_modules/fast-uri": {
      "version": "2.2.0",
      "resolved": "https://azuredevops.fleetcor.com.br/Fleetcor/TPS/_packaging/appsemparar/npm/registry/fast-uri/-/fast-uri-2.2.0.tgz",
      "integrity": "sha1-UZoPhJvvcUqtEOl1PWnY91j3RFo=",
      "license": "MIT"
    },
    "node_modules/fastify": {
      "version": "4.22.2",
      "resolved": "https://azuredevops.fleetcor.com.br/Fleetcor/TPS/_packaging/appsemparar/npm/registry/fastify/-/fastify-4.22.2.tgz",
      "integrity": "sha1-rVrVVclhKHTo3NcYGiSP42dBQuc=",
      "license": "MIT",
      "dependencies": {
        "@fastify/ajv-compiler": "^3.5.0",
        "@fastify/error": "^3.2.0",
        "@fastify/fast-json-stringify-compiler": "^4.3.0",
        "abstract-logging": "^2.0.1",
        "avvio": "^8.2.1",
        "fast-content-type-parse": "^1.0.0",
        "fast-json-stringify": "^5.7.0",
        "find-my-way": "^7.6.0",
        "light-my-request": "^5.9.1",
        "pino": "^8.12.0",
        "process-warning": "^2.2.0",
        "proxy-addr": "^2.0.7",
        "rfdc": "^1.3.0",
        "secure-json-parse": "^2.5.0",
        "semver": "^7.5.0",
        "tiny-lru": "^11.0.1"
      }
    },
    "node_modules/fastq": {
      "version": "1.15.0",
      "resolved": "https://azuredevops.fleetcor.com.br/Fleetcor/TPS/_packaging/appsemparar/npm/registry/fastq/-/fastq-1.15.0.tgz",
      "integrity": "sha1-0E0HxqKmj+RZn+qNLhA6k3+uazo=",
      "license": "ISC",
      "dependencies": {
        "reusify": "^1.0.4"
      }
    },
    "node_modules/find-my-way": {
      "version": "7.6.2",
      "resolved": "https://azuredevops.fleetcor.com.br/Fleetcor/TPS/_packaging/appsemparar/npm/registry/find-my-way/-/find-my-way-7.6.2.tgz",
      "integrity": "sha1-TdQCANNTau71xzQrEAKOBM95FGw=",
      "license": "MIT",
      "dependencies": {
        "fast-deep-equal": "^3.1.3",
        "fast-querystring": "^1.0.0",
        "safe-regex2": "^2.0.0"
      },
      "engines": {
        "node": ">=14"
      }
    },
    "node_modules/forwarded": {
      "version": "0.2.0",
      "resolved": "https://azuredevops.fleetcor.com.br/Fleetcor/TPS/_packaging/appsemparar/npm/registry/forwarded/-/forwarded-0.2.0.tgz",
      "integrity": "sha1-ImmTZCiq1MFcfr6XeahL8LKoGBE=",
      "license": "MIT",
      "engines": {
        "node": ">= 0.6"
      }
    },
    "node_modules/function.name": {
      "version": "1.0.13",
      "resolved": "https://azuredevops.fleetcor.com.br/Fleetcor/TPS/_packaging/appsemparar/npm/registry/function.name/-/function.name-1.0.13.tgz",
      "integrity": "sha1-7vBFq8S1/04+nQAaU84U4JDJccY=",
      "license": "MIT",
      "dependencies": {
        "noop6": "^1.0.1"
      }
    },
    "node_modules/ieee754": {
      "version": "1.2.1",
      "resolved": "https://azuredevops.fleetcor.com.br/Fleetcor/TPS/_packaging/appsemparar/npm/registry/ieee754/-/ieee754-1.2.1.tgz",
      "integrity": "sha1-jrehCmP/8l0VpXsAFYbRd9Gw01I=",
      "funding": [
        {
          "type": "github",
          "url": "https://github.com/sponsors/feross"
        },
        {
          "type": "patreon",
          "url": "https://www.patreon.com/feross"
        },
        {
          "type": "consulting",
          "url": "https://feross.org/support"
        }
      ],
      "license": "BSD-3-Clause"
    },
    "node_modules/ipaddr.js": {
      "version": "1.9.1",
      "resolved": "https://azuredevops.fleetcor.com.br/Fleetcor/TPS/_packaging/appsemparar/npm/registry/ipaddr.js/-/ipaddr.js-1.9.1.tgz",
      "integrity": "sha1-v/OFQ+64mEglB5/zoqjmy9RngbM=",
      "license": "MIT",
      "engines": {
        "node": ">= 0.10"
      }
    },
    "node_modules/isexe": {
      "version": "2.0.0",
      "resolved": "https://azuredevops.fleetcor.com.br/Fleetcor/TPS/_packaging/appsemparar/npm/registry/isexe/-/isexe-2.0.0.tgz",
      "integrity": "sha1-6PvzdNxVb/iUehDcsFctYz8s+hA=",
      "license": "ISC"
    },
    "node_modules/json-schema-traverse": {
      "version": "1.0.0",
      "resolved": "https://azuredevops.fleetcor.com.br/Fleetcor/TPS/_packaging/appsemparar/npm/registry/json-schema-traverse/-/json-schema-traverse-1.0.0.tgz",
      "integrity": "sha1-rnvLNlard6c7pcSb9lTzjmtoYOI=",
      "license": "MIT"
    },
    "node_modules/light-my-request": {
      "version": "5.10.0",
      "resolved": "https://azuredevops.fleetcor.com.br/Fleetcor/TPS/_packaging/appsemparar/npm/registry/light-my-request/-/light-my-request-5.10.0.tgz",
      "integrity": "sha1-Ciu8HRu1c+07eBQ5YJIOzcBb8Vc=",
      "license": "BSD-3-Clause",
      "dependencies": {
        "cookie": "^0.5.0",
        "process-warning": "^2.0.0",
        "set-cookie-parser": "^2.4.1"
      }
    },
    "node_modules/lru-cache": {
      "version": "6.0.0",
      "resolved": "https://azuredevops.fleetcor.com.br/Fleetcor/TPS/_packaging/appsemparar/npm/registry/lru-cache/-/lru-cache-6.0.0.tgz",
      "integrity": "sha1-bW/mVw69lqr5D8rR2vo7JWbbOpQ=",
      "license": "ISC",
      "dependencies": {
        "yallist": "^4.0.0"
      },
      "engines": {
        "node": ">=10"
      }
    },
    "node_modules/ms": {
      "version": "2.1.2",
      "resolved": "https://azuredevops.fleetcor.com.br/Fleetcor/TPS/_packaging/appsemparar/npm/registry/ms/-/ms-2.1.2.tgz",
      "integrity": "sha1-0J0fNXtEP0kzgqjrPM0YOHKuYAk=",
      "license": "MIT"
    },
    "node_modules/noop6": {
      "version": "1.0.9",
      "resolved": "https://azuredevops.fleetcor.com.br/Fleetcor/TPS/_packaging/appsemparar/npm/registry/noop6/-/noop6-1.0.9.tgz",
      "integrity": "sha1-h0mUTBXAnyzS1WKsJPWoNBdiqVA=",
      "license": "MIT"
    },
    "node_modules/on-exit-leak-free": {
      "version": "2.1.0",
      "resolved": "https://azuredevops.fleetcor.com.br/Fleetcor/TPS/_packaging/appsemparar/npm/registry/on-exit-leak-free/-/on-exit-leak-free-2.1.0.tgz",
      "integrity": "sha1-XHA8lo9+f4UYhfZFm/iopX7cnMQ=",
      "license": "MIT"
    },
    "node_modules/path-key": {
      "version": "3.1.1",
      "resolved": "https://azuredevops.fleetcor.com.br/Fleetcor/TPS/_packaging/appsemparar/npm/registry/path-key/-/path-key-3.1.1.tgz",
      "integrity": "sha1-WB9q3mWMu6ZaDTOA3ndTKVBU83U=",
      "license": "MIT",
      "engines": {
        "node": ">=8"
      }
    },
    "node_modules/pino": {
      "version": "8.15.1",
      "resolved": "https://azuredevops.fleetcor.com.br/Fleetcor/TPS/_packaging/appsemparar/npm/registry/pino/-/pino-8.15.1.tgz",
      "integrity": "sha1-BLgV/3qk5GsburiNgBCqorF+q6Q=",
      "license": "MIT",
      "dependencies": {
        "atomic-sleep": "^1.0.0",
        "fast-redact": "^3.1.1",
        "on-exit-leak-free": "^2.1.0",
        "pino-abstract-transport": "v1.1.0",
        "pino-std-serializers": "^6.0.0",
        "process-warning": "^2.0.0",
        "quick-format-unescaped": "^4.0.3",
        "real-require": "^0.2.0",
        "safe-stable-stringify": "^2.3.1",
        "sonic-boom": "^3.1.0",
        "thread-stream": "^2.0.0"
      },
      "bin": {
        "pino": "bin.js"
      }
    },
    "node_modules/pino-abstract-transport": {
      "version": "1.1.0",
      "resolved": "https://azuredevops.fleetcor.com.br/Fleetcor/TPS/_packaging/appsemparar/npm/registry/pino-abstract-transport/-/pino-abstract-transport-1.1.0.tgz",
      "integrity": "sha1-CD2Y+WYmIWRQSvuYm8zQX2ZZN6g=",
      "license": "MIT",
      "dependencies": {
        "readable-stream": "^4.0.0",
        "split2": "^4.0.0"
      }
    },
    "node_modules/pino-std-serializers": {
      "version": "6.2.2",
      "resolved": "https://azuredevops.fleetcor.com.br/Fleetcor/TPS/_packaging/appsemparar/npm/registry/pino-std-serializers/-/pino-std-serializers-6.2.2.tgz",
      "integrity": "sha1-2am18rmkAkhqX8TbCnN1cKhgqrM=",
      "license": "MIT"
    },
    "node_modules/postgres": {
      "version": "3.3.5",
      "resolved": "https://azuredevops.fleetcor.com.br/Fleetcor/TPS/_packaging/appsemparar/npm/registry/postgres/-/postgres-3.3.5.tgz",
      "integrity": "sha1-hDFgWq4hEnWdUONi/Ah1kWVFVnc=",
      "license": "Unlicense",
      "funding": {
        "type": "individual",
        "url": "https://github.com/sponsors/porsager"
      }
    },
    "node_modules/process": {
      "version": "0.11.10",
      "resolved": "https://azuredevops.fleetcor.com.br/Fleetcor/TPS/_packaging/appsemparar/npm/registry/process/-/process-0.11.10.tgz",
      "integrity": "sha1-czIwDoQBYb2j5podHZGn1LwW8YI=",
      "license": "MIT",
      "engines": {
        "node": ">= 0.6.0"
      }
    },
    "node_modules/process-warning": {
      "version": "2.2.0",
      "resolved": "https://azuredevops.fleetcor.com.br/Fleetcor/TPS/_packaging/appsemparar/npm/registry/process-warning/-/process-warning-2.2.0.tgz",
      "integrity": "sha1-AI7Ha1eYIKjlw12BlgUlymT+tiY=",
      "license": "MIT"
    },
    "node_modules/proxy-addr": {
      "version": "2.0.7",
      "resolved": "https://azuredevops.fleetcor.com.br/Fleetcor/TPS/_packaging/appsemparar/npm/registry/proxy-addr/-/proxy-addr-2.0.7.tgz",
      "integrity": "sha1-8Z/mnOqzEe65S0LnDowgcPm6ECU=",
      "license": "MIT",
      "dependencies": {
        "forwarded": "0.2.0",
        "ipaddr.js": "1.9.1"
      },
      "engines": {
        "node": ">= 0.10"
      }
    },
    "node_modules/punycode": {
      "version": "2.3.0",
      "resolved": "https://azuredevops.fleetcor.com.br/Fleetcor/TPS/_packaging/appsemparar/npm/registry/punycode/-/punycode-2.3.0.tgz",
      "integrity": "sha1-9n+mfJTaj00M//mBruQRgGQZm48=",
      "license": "MIT",
      "engines": {
        "node": ">=6"
      }
    },
    "node_modules/quick-format-unescaped": {
      "version": "4.0.4",
      "resolved": "https://azuredevops.fleetcor.com.br/Fleetcor/TPS/_packaging/appsemparar/npm/registry/quick-format-unescaped/-/quick-format-unescaped-4.0.4.tgz",
      "integrity": "sha1-k+9t2NNFPLx5cN1hT61MWVTWtac=",
      "license": "MIT"
    },
    "node_modules/readable-stream": {
      "version": "4.4.2",
      "resolved": "https://azuredevops.fleetcor.com.br/Fleetcor/TPS/_packaging/appsemparar/npm/registry/readable-stream/-/readable-stream-4.4.2.tgz",
      "integrity": "sha1-5qztJ607nXJtgwhRW5obmNwbnRM=",
      "license": "MIT",
      "dependencies": {
        "abort-controller": "^3.0.0",
        "buffer": "^6.0.3",
        "events": "^3.3.0",
        "process": "^0.11.10",
        "string_decoder": "^1.3.0"
      },
      "engines": {
        "node": "^12.22.0 || ^14.17.0 || >=16.0.0"
      }
    },
    "node_modules/real-require": {
      "version": "0.2.0",
      "resolved": "https://azuredevops.fleetcor.com.br/Fleetcor/TPS/_packaging/appsemparar/npm/registry/real-require/-/real-require-0.2.0.tgz",
      "integrity": "sha1-IJYy3qGBC+KuBjpqwIT+5+M/ung=",
      "license": "MIT",
      "engines": {
        "node": ">= 12.13.0"
      }
    },
    "node_modules/require-from-string": {
      "version": "2.0.2",
      "resolved": "https://azuredevops.fleetcor.com.br/Fleetcor/TPS/_packaging/appsemparar/npm/registry/require-from-string/-/require-from-string-2.0.2.tgz",
      "integrity": "sha1-iaf92TgmEmcxjq/hT5wy5ZjDaQk=",
      "license": "MIT",
      "engines": {
        "node": ">=0.10.0"
      }
    },
    "node_modules/ret": {
      "version": "0.2.2",
      "resolved": "https://azuredevops.fleetcor.com.br/Fleetcor/TPS/_packaging/appsemparar/npm/registry/ret/-/ret-0.2.2.tgz",
      "integrity": "sha1-toYXgqH0di3OQ0Aqcet6KD9EVzw=",
      "license": "MIT",
      "engines": {
        "node": ">=4"
      }
    },
    "node_modules/reusify": {
      "version": "1.0.4",
      "resolved": "https://azuredevops.fleetcor.com.br/Fleetcor/TPS/_packaging/appsemparar/npm/registry/reusify/-/reusify-1.0.4.tgz",
      "integrity": "sha1-kNo4Kx4SbvwCFG6QhFqI2xKSXXY=",
      "license": "MIT",
      "engines": {
        "iojs": ">=1.0.0",
        "node": ">=0.10.0"
      }
    },
    "node_modules/rfdc": {
      "version": "1.3.0",
      "resolved": "https://azuredevops.fleetcor.com.br/Fleetcor/TPS/_packaging/appsemparar/npm/registry/rfdc/-/rfdc-1.3.0.tgz",
      "integrity": "sha1-0LfEQasnINBdxM8m4ByJYx2doIs=",
      "license": "MIT"
    },
    "node_modules/safe-buffer": {
      "version": "5.2.1",
      "resolved": "https://azuredevops.fleetcor.com.br/Fleetcor/TPS/_packaging/appsemparar/npm/registry/safe-buffer/-/safe-buffer-5.2.1.tgz",
      "integrity": "sha1-Hq+fqb2x/dTsdfWPnNtOa3gn7sY=",
      "funding": [
        {
          "type": "github",
          "url": "https://github.com/sponsors/feross"
        },
        {
          "type": "patreon",
          "url": "https://www.patreon.com/feross"
        },
        {
          "type": "consulting",
          "url": "https://feross.org/support"
        }
      ],
      "license": "MIT"
    },
    "node_modules/safe-regex2": {
      "version": "2.0.0",
      "resolved": "https://azuredevops.fleetcor.com.br/Fleetcor/TPS/_packaging/appsemparar/npm/registry/safe-regex2/-/safe-regex2-2.0.0.tgz",
      "integrity": "sha1-sodSTDl8eimURwNn4BheGRax9bk=",
      "license": "MIT",
      "dependencies": {
        "ret": "~0.2.0"
      }
    },
    "node_modules/safe-stable-stringify": {
      "version": "2.4.3",
      "resolved": "https://azuredevops.fleetcor.com.br/Fleetcor/TPS/_packaging/appsemparar/npm/registry/safe-stable-stringify/-/safe-stable-stringify-2.4.3.tgz",
      "integrity": "sha1-E4yEtvbts9tfjvPvcRW49VzL+IY=",
      "license": "MIT",
      "engines": {
        "node": ">=10"
      }
    },
    "node_modules/secure-json-parse": {
      "version": "2.7.0",
      "resolved": "https://azuredevops.fleetcor.com.br/Fleetcor/TPS/_packaging/appsemparar/npm/registry/secure-json-parse/-/secure-json-parse-2.7.0.tgz",
      "integrity": "sha1-Wl+c1q5H3yPboxUe3QaFXUfgmGI=",
      "license": "BSD-3-Clause"
    },
    "node_modules/semver": {
      "version": "7.5.4",
      "resolved": "https://azuredevops.fleetcor.com.br/Fleetcor/TPS/_packaging/appsemparar/npm/registry/semver/-/semver-7.5.4.tgz",
      "integrity": "sha1-SDmG7E7TjhxsSMNIlKkYLb/2im4=",
      "license": "ISC",
      "dependencies": {
        "lru-cache": "^6.0.0"
      },
      "bin": {
        "semver": "bin/semver.js"
      },
      "engines": {
        "node": ">=10"
      }
    },
    "node_modules/set-cookie-parser": {
      "version": "2.6.0",
      "resolved": "https://azuredevops.fleetcor.com.br/Fleetcor/TPS/_packaging/appsemparar/npm/registry/set-cookie-parser/-/set-cookie-parser-2.6.0.tgz",
      "integrity": "sha1-Exkh5Q9i/xpmpGHX1i17IdXRWlE=",
      "license": "MIT"
    },
    "node_modules/shebang-command": {
      "version": "2.0.0",
      "resolved": "https://azuredevops.fleetcor.com.br/Fleetcor/TPS/_packaging/appsemparar/npm/registry/shebang-command/-/shebang-command-2.0.0.tgz",
      "integrity": "sha1-zNCvT4g1+9wmW4JGGq8MNmY/NOo=",
      "license": "MIT",
      "dependencies": {
        "shebang-regex": "^3.0.0"
      },
      "engines": {
        "node": ">=8"
      }
    },
    "node_modules/shebang-regex": {
      "version": "3.0.0",
      "resolved": "https://azuredevops.fleetcor.com.br/Fleetcor/TPS/_packaging/appsemparar/npm/registry/shebang-regex/-/shebang-regex-3.0.0.tgz",
      "integrity": "sha1-rhbxZE2HPsrYQ7AwexQzYtTEIXI=",
      "license": "MIT",
      "engines": {
        "node": ">=8"
      }
    },
    "node_modules/sonic-boom": {
      "version": "3.3.0",
      "resolved": "https://azuredevops.fleetcor.com.br/Fleetcor/TPS/_packaging/appsemparar/npm/registry/sonic-boom/-/sonic-boom-3.3.0.tgz",
      "integrity": "sha1-z/q22v7jsry4jQjViTlBmL7hg4w=",
      "license": "MIT",
      "dependencies": {
        "atomic-sleep": "^1.0.0"
      }
    },
    "node_modules/split2": {
      "version": "4.2.0",
      "resolved": "https://azuredevops.fleetcor.com.br/Fleetcor/TPS/_packaging/appsemparar/npm/registry/split2/-/split2-4.2.0.tgz",
      "integrity": "sha1-ycWSCQTRSLqwufZxRfJFqGqtv6Q=",
      "license": "ISC",
      "engines": {
        "node": ">= 10.x"
      }
    },
    "node_modules/string_decoder": {
      "version": "1.3.0",
      "resolved": "https://azuredevops.fleetcor.com.br/Fleetcor/TPS/_packaging/appsemparar/npm/registry/string_decoder/-/string_decoder-1.3.0.tgz",
      "integrity": "sha1-QvEUWUpGzxqOMLCoT1bHjD7awh4=",
      "license": "MIT",
      "dependencies": {
        "safe-buffer": "~5.2.0"
      }
    },
    "node_modules/thread-stream": {
      "version": "2.4.0",
      "resolved": "https://azuredevops.fleetcor.com.br/Fleetcor/TPS/_packaging/appsemparar/npm/registry/thread-stream/-/thread-stream-2.4.0.tgz",
      "integrity": "sha1-Xe8pWY0dQXG6O6zn4COnHYfZnAc=",
      "license": "MIT",
      "dependencies": {
        "real-require": "^0.2.0"
      }
    },
    "node_modules/tiny-lru": {
      "version": "11.0.1",
      "resolved": "https://azuredevops.fleetcor.com.br/Fleetcor/TPS/_packaging/appsemparar/npm/registry/tiny-lru/-/tiny-lru-11.0.1.tgz",
      "integrity": "sha1-Yp1t3Yi9A8CSlyJoAWfx/q31dvI=",
      "license": "BSD-3-Clause",
      "engines": {
        "node": ">=12"
      }
    },
    "node_modules/typpy": {
      "version": "2.3.11",
      "resolved": "https://azuredevops.fleetcor.com.br/Fleetcor/TPS/_packaging/appsemparar/npm/registry/typpy/-/typpy-2.3.11.tgz",
      "integrity": "sha1-IaDSLJb7ZGMG4ItsZprUNgjhs7k=",
      "license": "MIT",
      "dependencies": {
        "function.name": "^1.0.3"
      }
    },
    "node_modules/uri-js": {
      "version": "4.4.1",
      "resolved": "https://azuredevops.fleetcor.com.br/Fleetcor/TPS/_packaging/appsemparar/npm/registry/uri-js/-/uri-js-4.4.1.tgz",
      "integrity": "sha1-mxpSWVIlhZ5V9mnZKPiMbFfyp34=",
      "license": "BSD-2-Clause",
      "dependencies": {
        "punycode": "^2.1.0"
      }
    },
    "node_modules/which": {
      "version": "2.0.2",
      "resolved": "https://azuredevops.fleetcor.com.br/Fleetcor/TPS/_packaging/appsemparar/npm/registry/which/-/which-2.0.2.tgz",
      "integrity": "sha1-fGqN0KY2oDJ+ELWckobu6T8/UbE=",
      "license": "ISC",
      "dependencies": {
        "isexe": "^2.0.0"
      },
      "bin": {
        "node-which": "bin/node-which"
      },
      "engines": {
        "node": ">= 8"
      }
    },
    "node_modules/yallist": {
      "version": "4.0.0",
      "resolved": "https://azuredevops.fleetcor.com.br/Fleetcor/TPS/_packaging/appsemparar/npm/registry/yallist/-/yallist-4.0.0.tgz",
      "integrity": "sha1-m7knkNnA7/7GO+c1GeEaNQGaOnI=",
      "license": "ISC"
    }
  }
}
